
Microsoft Visual Studio Solution File, Format Version 12.00
# Visual Studio Version 17
VisualStudioVersion = 17.7.34031.279
MinimumVisualStudioVersion = 10.0.40219.1
Project("{8BC9CEB8-8B4A-11D0-8D11-00A0C91BC942}") = "Single Linked List ( Explain by Idiot )", "Single Linked List ( Explain by Idiot ).vcxproj", "{EB0A0648-7EBC-4B86-B867-F6F41A20ABBB}"
EndProject
Global
	GlobalSection(SolutionConfigurationPlatforms) = preSolution
		Debug|x64 = Debug|x64
		Debug|x86 = Debug|x86
		Release|x64 = Release|x64
		Release|x86 = Release|x86
	EndGlobalSection
	GlobalSection(ProjectConfigurationPlatforms) = postSolution
		{EB0A0648-7EBC-4B86-B867-F6F41A20ABBB}.Debug|x64.ActiveCfg = Debug|x64
		{EB0A0648-7EBC-4B86-B867-F6F41A20ABBB}.Debug|x64.Build.0 = Debug|x64
		{EB0A0648-7EBC-4B86-B867-F6F41A20ABBB}.Debug|x86.ActiveCfg = Debug|Win32
		{EB0A0648-7EBC-4B86-B867-F6F41A20ABBB}.Debug|x86.Build.0 = Debug|Win32
		{EB0A0648-7EBC-4B86-B867-F6F41A20ABBB}.Release|x64.ActiveCfg = Release|x64
		{EB0A0648-7EBC-4B86-B867-F6F41A20ABBB}.Release|x64.Build.0 = Release|x64
		{EB0A0648-7EBC-4B86-B867-F6F41A20ABBB}.Release|x86.ActiveCfg = Release|Win32
		{EB0A0648-7EBC-4B86-B867-F6F41A20ABBB}.Release|x86.Build.0 = Release|Win32
	EndGlobalSection
	GlobalSection(SolutionProperties) = preSolution
		HideSolutionNode = FALSE
	EndGlobalSection
	GlobalSection(ExtensibilityGlobals) = postSolution
		SolutionGuid = {392B662B-EF0E-4D40-9E1D-BD00376A73E8}
	EndGlobalSection
EndGlobal
